
Microsoft Visual Studio Solution File, Format Version 12.00
# Visual Studio 2012
Project("{FAE04EC0-301F-11D3-BF4B-00C04F79EFBC}") = "NsuToolBox", "NsuToolBox\NsuToolBox.csproj", "{457035A4-C8E7-48F3-A82E-AF24775797FF}"
EndProject
Global
	GlobalSection(SolutionConfigurationPlatforms) = preSolution
		Debug|Any CPU = Debug|Any CPU
		Release|Any CPU = Release|Any CPU
	EndGlobalSection
	GlobalSection(ProjectConfigurationPlatforms) = postSolution
		{457035A4-C8E7-48F3-A82E-AF24775797FF}.Debug|Any CPU.ActiveCfg = Debug|Any CPU
		{457035A4-C8E7-48F3-A82E-AF24775797FF}.Debug|Any CPU.Build.0 = Debug|Any CPU
		{457035A4-C8E7-48F3-A82E-AF24775797FF}.Release|Any CPU.ActiveCfg = Release|Any CPU
		{457035A4-C8E7-48F3-A82E-AF24775797FF}.Release|Any CPU.Build.0 = Release|Any CPU
	EndGlobalSection
	GlobalSection(SolutionProperties) = preSolution
		HideSolutionNode = FALSE
	EndGlobalSection
EndGlobal
